
Microsoft Visual Studio Solution File, Format Version 12.00
# Visual Studio Version 16
VisualStudioVersion = 16.0.33027.164
MinimumVisualStudioVersion = 10.0.40219.1
Project("{9A19103F-16F7-4668-BE54-9A1E7A4F7556}") = "PlayWithDI", "PlayWithDI\PlayWithDI.csproj", "{CAFE3C18-C431-424C-95C1-939AF78E8C22}"
EndProject
Project("{2150E333-8FDC-42A3-9474-1A3956D46DE8}") = "Solution Items", "Solution Items", "{096AF9BE-8248-4418-83CF-7DECC4A9DB01}"
	ProjectSection(SolutionItems) = preProject
		.gitignore = .gitignore
	EndProjectSection
EndProject
Global
	GlobalSection(SolutionConfigurationPlatforms) = preSolution
		Debug|Any CPU = Debug|Any CPU
		Release|Any CPU = Release|Any CPU
	EndGlobalSection
	GlobalSection(ProjectConfigurationPlatforms) = postSolution
		{CAFE3C18-C431-424C-95C1-939AF78E8C22}.Debug|Any CPU.ActiveCfg = Debug|Any CPU
		{CAFE3C18-C431-424C-95C1-939AF78E8C22}.Debug|Any CPU.Build.0 = Debug|Any CPU
		{CAFE3C18-C431-424C-95C1-939AF78E8C22}.Release|Any CPU.ActiveCfg = Release|Any CPU
		{CAFE3C18-C431-424C-95C1-939AF78E8C22}.Release|Any CPU.Build.0 = Release|Any CPU
	EndGlobalSection
	GlobalSection(SolutionProperties) = preSolution
		HideSolutionNode = FALSE
	EndGlobalSection
	GlobalSection(ExtensibilityGlobals) = postSolution
		SolutionGuid = {AA14A95F-1A1C-400D-AA6F-DDD4BAC79356}
	EndGlobalSection
EndGlobal
